
Microsoft Visual Studio Solution File, Format Version 12.00
# Visual Studio Version 17
VisualStudioVersion = 17.7.34031.279
MinimumVisualStudioVersion = 10.0.40219.1
Project("{FAE04EC0-301F-11D3-BF4B-00C04F79EFBC}") = "Home.Work4", "Home.Work4\Home.Work4.csproj", "{11B99959-69B1-4ECD-82FC-48C90B84B026}"
EndProject
Global
	GlobalSection(SolutionConfigurationPlatforms) = preSolution
		Debug|Any CPU = Debug|Any CPU
		Release|Any CPU = Release|Any CPU
	EndGlobalSection
	GlobalSection(ProjectConfigurationPlatforms) = postSolution
		{11B99959-69B1-4ECD-82FC-48C90B84B026}.Debug|Any CPU.ActiveCfg = Debug|Any CPU
		{11B99959-69B1-4ECD-82FC-48C90B84B026}.Debug|Any CPU.Build.0 = Debug|Any CPU
		{11B99959-69B1-4ECD-82FC-48C90B84B026}.Release|Any CPU.ActiveCfg = Release|Any CPU
		{11B99959-69B1-4ECD-82FC-48C90B84B026}.Release|Any CPU.Build.0 = Release|Any CPU
	EndGlobalSection
	GlobalSection(SolutionProperties) = preSolution
		HideSolutionNode = FALSE
	EndGlobalSection
	GlobalSection(ExtensibilityGlobals) = postSolution
		SolutionGuid = {48D96DDA-3B0A-4BFD-881E-BEB68F7643EE}
	EndGlobalSection
EndGlobal
